// !$*UTF8*$!
{
	archiveVersion = 1;
	classes = {
	};
	objectVersion = 50;
	objects = {

/* Begin PBXBuildFile section */
		B6ABE07023EB23900011CA52 /* TODO.txt in Resources */ = {isa = PBXBuildFile; fileRef = B6ABE06F23EB23900011CA52 /* TODO.txt */; };
		B6D558A923E0D9300020C744 /* AppDelegate.swift in Sources */ = {isa = PBXBuildFile; fileRef = B6D558A823E0D9300020C744 /* AppDelegate.swift */; };
		B6D558AB23E0D9300020C744 /* SceneDelegate.swift in Sources */ = {isa = PBXBuildFile; fileRef = B6D558AA23E0D9300020C744 /* SceneDelegate.swift */; };
		B6D558AD23E0D9300020C744 /* ViewController.swift in Sources */ = {isa = PBXBuildFile; fileRef = B6D558AC23E0D9300020C744 /* ViewController.swift */; };
		B6D558B023E0D9300020C744 /* Main.storyboard in Resources */ = {isa = PBXBuildFile; fileRef = B6D558AE23E0D9300020C744 /* Main.storyboard */; };
		B6D558B223E0D9320020C744 /* Assets.xcassets in Resources */ = {isa = PBXBuildFile; fileRef = B6D558B123E0D9320020C744 /* Assets.xcassets */; };
		B6D558B523E0D9320020C744 /* LaunchScreen.storyboard in Resources */ = {isa = PBXBuildFile; fileRef = B6D558B323E0D9320020C744 /* LaunchScreen.storyboard */; };
		B6D558CC23E0D99E0020C744 /* BVCalendarHeader.swift in Sources */ = {isa = PBXBuildFile; fileRef = B6D558C723E0D99E0020C744 /* BVCalendarHeader.swift */; };
		B6D558CD23E0D99E0020C744 /* BVCalendar.swift in Sources */ = {isa = PBXBuildFile; fileRef = B6D558C823E0D99E0020C744 /* BVCalendar.swift */; };
		B6D558CE23E0D99F0020C744 /* BVCalendarCell.swift in Sources */ = {isa = PBXBuildFile; fileRef = B6D558C923E0D99E0020C744 /* BVCalendarCell.swift */; };
		B6D558CF23E0D99F0020C744 /* BVCalendarLayout.swift in Sources */ = {isa = PBXBuildFile; fileRef = B6D558CA23E0D99E0020C744 /* BVCalendarLayout.swift */; };
		B6D558D023E0D99F0020C744 /* BVCalendar.xib in Resources */ = {isa = PBXBuildFile; fileRef = B6D558CB23E0D99E0020C744 /* BVCalendar.xib */; };
		B6D558D223E0DA5D0020C744 /* UIView+Extension.swift in Sources */ = {isa = PBXBuildFile; fileRef = B6D558D123E0DA5D0020C744 /* UIView+Extension.swift */; };
/* End PBXBuildFile section */

/* Begin PBXFileReference section */
		B6ABE06F23EB23900011CA52 /* TODO.txt */ = {isa = PBXFileReference; lastKnownFileType = text; path = TODO.txt; sourceTree = "<group>"; };
		B6D558A523E0D9300020C744 /* BVCalendar.app */ = {isa = PBXFileReference; explicitFileType = wrapper.application; includeInIndex = 0; path = BVCalendar.app; sourceTree = BUILT_PRODUCTS_DIR; };
		B6D558A823E0D9300020C744 /* AppDelegate.swift */ = {isa = PBXFileReference; lastKnownFileType = sourcecode.swift; path = AppDelegate.swift; sourceTree = "<group>"; };
		B6D558AA23E0D9300020C744 /* SceneDelegate.swift */ = {isa = PBXFileReference; lastKnownFileType = sourcecode.swift; path = SceneDelegate.swift; sourceTree = "<group>"; };
		B6D558AC23E0D9300020C744 /* ViewController.swift */ = {isa = PBXFileReference; lastKnownFileType = sourcecode.swift; path = ViewController.swift; sourceTree = "<group>"; };
		B6D558AF23E0D9300020C744 /* Base */ = {isa = PBXFileReference; lastKnownFileType = file.storyboard; name = Base; path = Base.lproj/Main.storyboard; sourceTree = "<group>"; };
		B6D558B123E0D9320020C744 /* Assets.xcassets */ = {isa = PBXFileReference; lastKnownFileType = folder.assetcatalog; path = Assets.xcassets; sourceTree = "<group>"; };
		B6D558B423E0D9320020C744 /* Base */ = {isa = PBXFileReference; lastKnownFileType = file.storyboard; name = Base; path = Base.lproj/LaunchScreen.storyboard; sourceTree = "<group>"; };
		B6D558B623E0D9320020C744 /* Info.plist */ = {isa = PBXFileReference; lastKnownFileType = text.plist.xml; path = Info.plist; sourceTree = "<group>"; };
		B6D558C723E0D99E0020C744 /* BVCalendarHeader.swift */ = {isa = PBXFileReference; fileEncoding = 4; lastKnownFileType = sourcecode.swift; path = BVCalendarHeader.swift; sourceTree = "<group>"; };
		B6D558C823E0D99E0020C744 /* BVCalendar.swift */ = {isa = PBXFileReference; fileEncoding = 4; lastKnownFileType = sourcecode.swift; path = BVCalendar.swift; sourceTree = "<group>"; };
		B6D558C923E0D99E0020C744 /* BVCalendarCell.swift */ = {isa = PBXFileReference; fileEncoding = 4; lastKnownFileType = sourcecode.swift; path = BVCalendarCell.swift; sourceTree = "<group>"; };
		B6D558CA23E0D99E0020C744 /* BVCalendarLayout.swift */ = {isa = PBXFileReference; fileEncoding = 4; lastKnownFileType = sourcecode.swift; path = BVCalendarLayout.swift; sourceTree = "<group>"; };
		B6D558CB23E0D99E0020C744 /* BVCalendar.xib */ = {isa = PBXFileReference; fileEncoding = 4; lastKnownFileType = file.xib; path = BVCalendar.xib; sourceTree = "<group>"; };
		B6D558D123E0DA5D0020C744 /* UIView+Extension.swift */ = {isa = PBXFileReference; lastKnownFileType = sourcecode.swift; path = "UIView+Extension.swift"; sourceTree = "<group>"; };
/* End PBXFileReference section */

/* Begin PBXFrameworksBuildPhase section */
		B6D558A223E0D9300020C744 /* Frameworks */ = {
			isa = PBXFrameworksBuildPhase;
			buildActionMask = 2147483647;
			files = (
			);
			runOnlyForDeploymentPostprocessing = 0;
		};
/* End PBXFrameworksBuildPhase section */

/* Begin PBXGroup section */
		B6D5589C23E0D9300020C744 = {
			isa = PBXGroup;
			children = (
				B6D558A723E0D9300020C744 /* BVCalendar */,
				B6D558A623E0D9300020C744 /* Products */,
			);
			sourceTree = "<group>";
		};
		B6D558A623E0D9300020C744 /* Products */ = {
			isa = PBXGroup;
			children = (
				B6D558A523E0D9300020C744 /* BVCalendar.app */,
			);
			name = Products;
			sourceTree = "<group>";
		};
		B6D558A723E0D9300020C744 /* BVCalendar */ = {
			isa = PBXGroup;
			children = (
				B6D558BC23E0D97A0020C744 /* BVCalendar */,
				B6D558A823E0D9300020C744 /* AppDelegate.swift */,
				B6D558AA23E0D9300020C744 /* SceneDelegate.swift */,
				B6D558AC23E0D9300020C744 /* ViewController.swift */,
				B6D558AE23E0D9300020C744 /* Main.storyboard */,
				B6D558B123E0D9320020C744 /* Assets.xcassets */,
				B6D558B323E0D9320020C744 /* LaunchScreen.storyboard */,
				B6D558B623E0D9320020C744 /* Info.plist */,
				B6ABE06F23EB23900011CA52 /* TODO.txt */,
			);
			path = BVCalendar;
			sourceTree = "<group>";
		};
		B6D558BC23E0D97A0020C744 /* BVCalendar */ = {
			isa = PBXGroup;
			children = (
				B6D558C923E0D99E0020C744 /* BVCalendarCell.swift */,
				B6D558C723E0D99E0020C744 /* BVCalendarHeader.swift */,
				B6D558CA23E0D99E0020C744 /* BVCalendarLayout.swift */,
				B6D558C823E0D99E0020C744 /* BVCalendar.swift */,
				B6D558CB23E0D99E0020C744 /* BVCalendar.xib */,
				B6D558D123E0DA5D0020C744 /* UIView+Extension.swift */,
			);
			path = BVCalendar;
			sourceTree = "<group>";
		};
/* End PBXGroup section */

/* Begin PBXNativeTarget section */
		B6D558A423E0D9300020C744 /* BVCalendar */ = {
			isa = PBXNativeTarget;
			buildConfigurationList = B6D558B923E0D9320020C744 /* Build configuration list for PBXNativeTarget "BVCalendar" */;
			buildPhases = (
				B6D558A123E0D9300020C744 /* Sources */,
				B6D558A223E0D9300020C744 /* Frameworks */,
				B6D558A323E0D9300020C744 /* Resources */,
			);
			buildRules = (
			);
			dependencies = (
			);
			name = BVCalendar;
			productName = BVCalendar;
			productReference = B6D558A523E0D9300020C744 /* BVCalendar.app */;
			productType = "com.apple.product-type.application";
		};
/* End PBXNativeTarget section */

/* Begin PBXProject section */
		B6D5589D23E0D9300020C744 /* Project object */ = {
			isa = PBXProject;
			attributes = {
				LastSwiftUpdateCheck = 1130;
				LastUpgradeCheck = 1130;
				ORGANIZATIONNAME = "Balazs Vincze";
				TargetAttributes = {
					B6D558A423E0D9300020C744 = {
						CreatedOnToolsVersion = 11.3.1;
					};
				};
			};
			buildConfigurationList = B6D558A023E0D9300020C744 /* Build configuration list for PBXProject "BVCalendar" */;
			compatibilityVersion = "Xcode 9.3";
			developmentRegion = en;
			hasScannedForEncodings = 0;
			knownRegions = (
				en,
				Base,
			);
			mainGroup = B6D5589C23E0D9300020C744;
			productRefGroup = B6D558A623E0D9300020C744 /* Products */;
			projectDirPath = "";
			projectRoot = "";
			targets = (
				B6D558A423E0D9300020C744 /* BVCalendar */,
			);
		};
/* End PBXProject section */

/* Begin PBXResourcesBuildPhase section */
		B6D558A323E0D9300020C744 /* Resources */ = {
			isa = PBXResourcesBuildPhase;
			buildActionMask = 2147483647;
			files = (
				B6ABE07023EB23900011CA52 /* TODO.txt in Resources */,
				B6D558B523E0D9320020C744 /* LaunchScreen.storyboard in Resources */,
				B6D558B223E0D9320020C744 /* Assets.xcassets in Resources */,
				B6D558D023E0D99F0020C744 /* BVCalendar.xib in Resources */,
				B6D558B023E0D9300020C744 /* Main.storyboard in Resources */,
			);
			runOnlyForDeploymentPostprocessing = 0;
		};
/* End PBXResourcesBuildPhase section */

/* Begin PBXSourcesBuildPhase section */
		B6D558A123E0D9300020C744 /* Sources */ = {
			isa = PBXSourcesBuildPhase;
			buildActionMask = 2147483647;
			files = (
				B6D558AD23E0D9300020C744 /* ViewController.swift in Sources */,
				B6D558A923E0D9300020C744 /* AppDelegate.swift in Sources */,
				B6D558D223E0DA5D0020C744 /* UIView+Extension.swift in Sources */,
				B6D558CD23E0D99E0020C744 /* BVCalendar.swift in Sources */,
				B6D558CC23E0D99E0020C744 /* BVCalendarHeader.swift in Sources */,
				B6D558CF23E0D99F0020C744 /* BVCalendarLayout.swift in Sources */,
				B6D558AB23E0D9300020C744 /* SceneDelegate.swift in Sources */,
				B6D558CE23E0D99F0020C744 /* BVCalendarCell.swift in Sources */,
			);
			runOnlyForDeploymentPostprocessing = 0;
		};
/* End PBXSourcesBuildPhase section */

/* Begin PBXVariantGroup section */
		B6D558AE23E0D9300020C744 /* Main.storyboard */ = {
			isa = PBXVariantGroup;
			children = (
				B6D558AF23E0D9300020C744 /* Base */,
			);
			name = Main.storyboard;
			sourceTree = "<group>";
		};
		B6D558B323E0D9320020C744 /* LaunchScreen.storyboard */ = {
			isa = PBXVariantGroup;
			children = (
				B6D558B423E0D9320020C744 /* Base */,
			);
			name = LaunchScreen.storyboard;
			sourceTree = "<group>";
		};
/* End PBXVariantGroup section */

/* Begin XCBuildConfiguration section */
		B6D558B723E0D9320020C744 /* Debug */ = {
			isa = XCBuildConfiguration;
			buildSettings = {
				ALWAYS_SEARCH_USER_PATHS = NO;
				CLANG_ANALYZER_NONNULL = YES;
				CLANG_ANALYZER_NUMBER_OBJECT_CONVERSION = YES_AGGRESSIVE;
				CLANG_CXX_LANGUAGE_STANDARD = "gnu++14";
				CLANG_CXX_LIBRARY = "libc++";
				CLANG_ENABLE_MODULES = YES;
				CLANG_ENABLE_OBJC_ARC = YES;
				CLANG_ENABLE_OBJC_WEAK = YES;
				CLANG_WARN_BLOCK_CAPTURE_AUTORELEASING = YES;
				CLANG_WARN_BOOL_CONVERSION = YES;
				CLANG_WARN_COMMA = YES;
				CLANG_WARN_CONSTANT_CONVERSION = YES;
				CLANG_WARN_DEPRECATED_OBJC_IMPLEMENTATIONS = YES;
				CLANG_WARN_DIRECT_OBJC_ISA_USAGE = YES_ERROR;
				CLANG_WARN_DOCUMENTATION_COMMENTS = YES;
				CLANG_WARN_EMPTY_BODY = YES;
				CLANG_WARN_ENUM_CONVERSION = YES;
				CLANG_WARN_INFINITE_RECURSION = YES;
				CLANG_WARN_INT_CONVERSION = YES;
				CLANG_WARN_NON_LITERAL_NULL_CONVERSION = YES;
				CLANG_WARN_OBJC_IMPLICIT_RETAIN_SELF = YES;
				CLANG_WARN_OBJC_LITERAL_CONVERSION = YES;
				CLANG_WARN_OBJC_ROOT_CLASS = YES_ERROR;
				CLANG_WARN_RANGE_LOOP_ANALYSIS = YES;
				CLANG_WARN_STRICT_PROTOTYPES = YES;
				CLANG_WARN_SUSPICIOUS_MOVE = YES;
				CLANG_WARN_UNGUARDED_AVAILABILITY = YES_AGGRESSIVE;
				CLANG_WARN_UNREACHABLE_CODE = YES;
				CLANG_WARN__DUPLICATE_METHOD_MATCH = YES;
				COPY_PHASE_STRIP = NO;
				DEBUG_INFORMATION_FORMAT = dwarf;
				ENABLE_STRICT_OBJC_MSGSEND = YES;
				ENABLE_TESTABILITY = YES;
				GCC_C_LANGUAGE_STANDARD = gnu11;
				GCC_DYNAMIC_NO_PIC = NO;
				GCC_NO_COMMON_BLOCKS = YES;
				GCC_OPTIMIZATION_LEVEL = 0;
				GCC_PREPROCESSOR_DEFINITIONS = (
					"DEBUG=1",
					"$(inherited)",
				);
				GCC_WARN_64_TO_32_BIT_CONVERSION = YES;
				GCC_WARN_ABOUT_RETURN_TYPE = YES_ERROR;
				GCC_WARN_UNDECLARED_SELECTOR = YES;
				GCC_WARN_UNINITIALIZED_AUTOS = YES_AGGRESSIVE;
				GCC_WARN_UNUSED_FUNCTION = YES;
				GCC_WARN_UNUSED_VARIABLE = YES;
				IPHONEOS_DEPLOYMENT_TARGET = 13.2;
				MTL_ENABLE_DEBUG_INFO = INCLUDE_SOURCE;
				MTL_FAST_MATH = YES;
				ONLY_ACTIVE_ARCH = YES;
				SDKROOT = iphoneos;
				SWIFT_ACTIVE_COMPILATION_CONDITIONS = DEBUG;
				SWIFT_OPTIMIZATION_LEVEL = "-Onone";
			};
			name = Debug;
		};
		B6D558B823E0D9320020C744 /* Release */ = {
			isa = XCBuildConfiguration;
			buildSettings = {
				ALWAYS_SEARCH_USER_PATHS = NO;
				CLANG_ANALYZER_NONNULL = YES;
				CLANG_ANALYZER_NUMBER_OBJECT_CONVERSION = YES_AGGRESSIVE;
				CLANG_CXX_LANGUAGE_STANDARD = "gnu++14";
				CLANG_CXX_LIBRARY = "libc++";
				CLANG_ENABLE_MODULES = YES;
				CLANG_ENABLE_OBJC_ARC = YES;
				CLANG_ENABLE_OBJC_WEAK = YES;
				CLANG_WARN_BLOCK_CAPTURE_AUTORELEASING = YES;
				CLANG_WARN_BOOL_CONVERSION = YES;
				CLANG_WARN_COMMA = YES;
				CLANG_WARN_CONSTANT_CONVERSION = YES;
				CLANG_WARN_DEPRECATED_OBJC_IMPLEMENTATIONS = YES;
				CLANG_WARN_DIRECT_OBJC_ISA_USAGE = YES_ERROR;
				CLANG_WARN_DOCUMENTATION_COMMENTS = YES;
				CLANG_WARN_EMPTY_BODY = YES;
				CLANG_WARN_ENUM_CONVERSION = YES;
				CLANG_WARN_INFINITE_RECURSION = YES;
				CLANG_WARN_INT_CONVERSION = YES;
				CLANG_WARN_NON_LITERAL_NULL_CONVERSION = YES;
				CLANG_WARN_OBJC_IMPLICIT_RETAIN_SELF = YES;
				CLANG_WARN_OBJC_LITERAL_CONVERSION = YES;
				CLANG_WARN_OBJC_ROOT_CLASS = YES_ERROR;
				CLANG_WARN_RANGE_LOOP_ANALYSIS = YES;
				CLANG_WARN_STRICT_PROTOTYPES = YES;
				CLANG_WARN_SUSPICIOUS_MOVE = YES;
				CLANG_WARN_UNGUARDED_AVAILABILITY = YES_AGGRESSIVE;
				CLANG_WARN_UNREACHABLE_CODE = YES;
				CLANG_WARN__DUPLICATE_METHOD_MATCH = YES;
				COPY_PHASE_STRIP = NO;
				DEBUG_INFORMATION_FORMAT = "dwarf-with-dsym";
				ENABLE_NS_ASSERTIONS = NO;
				ENABLE_STRICT_OBJC_MSGSEND = YES;
				GCC_C_LANGUAGE_STANDARD = gnu11;
				GCC_NO_COMMON_BLOCKS = YES;
				GCC_WARN_64_TO_32_BIT_CONVERSION = YES;
				GCC_WARN_ABOUT_RETURN_TYPE = YES_ERROR;
				GCC_WARN_UNDECLARED_SELECTOR = YES;
				GCC_WARN_UNINITIALIZED_AUTOS = YES_AGGRESSIVE;
				GCC_WARN_UNUSED_FUNCTION = YES;
				GCC_WARN_UNUSED_VARIABLE = YES;
				IPHONEOS_DEPLOYMENT_TARGET = 13.2;
				MTL_ENABLE_DEBUG_INFO = NO;
				MTL_FAST_MATH = YES;
				SDKROOT = iphoneos;
				SWIFT_COMPILATION_MODE = wholemodule;
				SWIFT_OPTIMIZATION_LEVEL = "-O";
				VALIDATE_PRODUCT = YES;
			};
			name = Release;
		};
		B6D558BA23E0D9320020C744 /* Debug */ = {
			isa = XCBuildConfiguration;
			buildSettings = {
				ASSETCATALOG_COMPILER_APPICON_NAME = AppIcon;
				CODE_SIGN_STYLE = Automatic;
				DEVELOPMENT_TEAM = RN5LWE7CLV;
				INFOPLIST_FILE = BVCalendar/Info.plist;
				IPHONEOS_DEPLOYMENT_TARGET = 13.0;
				LD_RUNPATH_SEARCH_PATHS = (
					"$(inherited)",
					"@executable_path/Frameworks",
				);
				PRODUCT_BUNDLE_IDENTIFIER = com.balazsvincze.BVCalendar;
				PRODUCT_NAME = "$(TARGET_NAME)";
				SWIFT_VERSION = 5.0;
				TARGETED_DEVICE_FAMILY = "1,2";
			};
			name = Debug;
		};
		B6D558BB23E0D9320020C744 /* Release */ = {
			isa = XCBuildConfiguration;
			buildSettings = {
				ASSETCATALOG_COMPILER_APPICON_NAME = AppIcon;
				CODE_SIGN_STYLE = Automatic;
				DEVELOPMENT_TEAM = RN5LWE7CLV;
				INFOPLIST_FILE = BVCalendar/Info.plist;
				IPHONEOS_DEPLOYMENT_TARGET = 13.0;
				LD_RUNPATH_SEARCH_PATHS = (
					"$(inherited)",
					"@executable_path/Frameworks",
				);
				PRODUCT_BUNDLE_IDENTIFIER = com.balazsvincze.BVCalendar;
				PRODUCT_NAME = "$(TARGET_NAME)";
				SWIFT_VERSION = 5.0;
				TARGETED_DEVICE_FAMILY = "1,2";
			};
			name = Release;
		};
/* End XCBuildConfiguration section */

/* Begin XCConfigurationList section */
		B6D558A023E0D9300020C744 /* Build configuration list for PBXProject "BVCalendar" */ = {
			isa = XCConfigurationList;
			buildConfigurations = (
				B6D558B723E0D9320020C744 /* Debug */,
				B6D558B823E0D9320020C744 /* Release */,
			);
			defaultConfigurationIsVisible = 0;
			defaultConfigurationName = Release;
		};
		B6D558B923E0D9320020C744 /* Build configuration list for PBXNativeTarget "BVCalendar" */ = {
			isa = XCConfigurationList;
			buildConfigurations = (
				B6D558BA23E0D9320020C744 /* Debug */,
				B6D558BB23E0D9320020C744 /* Release */,
			);
			defaultConfigurationIsVisible = 0;
			defaultConfigurationName = Release;
		};
/* End XCConfigurationList section */
	};
	rootObject = B6D5589D23E0D9300020C744 /* Project object */;
}
